
Microsoft Visual Studio Solution File, Format Version 12.00
# Visual Studio Version 17
VisualStudioVersion = 17.3.32929.385
MinimumVisualStudioVersion = 10.0.40219.1
Project("{9A19103F-16F7-4668-BE54-9A1E7A4F7556}") = "SearchServiceTest", "SearchServiceTest.csproj", "{7FA86D79-D8F0-4DAA-99B6-35BCAF314E85}"
EndProject
Project("{FAE04EC0-301F-11D3-BF4B-00C04F79EFBC}") = "SearchServiceTest.Test", "..\SearchServiceTest.Test\SearchServiceTest.Test.csproj", "{0E6D5A91-4A18-45B6-B83D-EA2059E1F04D}"
EndProject
Global
	GlobalSection(SolutionConfigurationPlatforms) = preSolution
		Debug|Any CPU = Debug|Any CPU
		Release|Any CPU = Release|Any CPU
	EndGlobalSection
	GlobalSection(ProjectConfigurationPlatforms) = postSolution
		{7FA86D79-D8F0-4DAA-99B6-35BCAF314E85}.Debug|Any CPU.ActiveCfg = Debug|Any CPU
		{7FA86D79-D8F0-4DAA-99B6-35BCAF314E85}.Debug|Any CPU.Build.0 = Debug|Any CPU
		{7FA86D79-D8F0-4DAA-99B6-35BCAF314E85}.Release|Any CPU.ActiveCfg = Release|Any CPU
		{7FA86D79-D8F0-4DAA-99B6-35BCAF314E85}.Release|Any CPU.Build.0 = Release|Any CPU
		{0E6D5A91-4A18-45B6-B83D-EA2059E1F04D}.Debug|Any CPU.ActiveCfg = Debug|Any CPU
		{0E6D5A91-4A18-45B6-B83D-EA2059E1F04D}.Debug|Any CPU.Build.0 = Debug|Any CPU
		{0E6D5A91-4A18-45B6-B83D-EA2059E1F04D}.Release|Any CPU.ActiveCfg = Release|Any CPU
		{0E6D5A91-4A18-45B6-B83D-EA2059E1F04D}.Release|Any CPU.Build.0 = Release|Any CPU
	EndGlobalSection
	GlobalSection(SolutionProperties) = preSolution
		HideSolutionNode = FALSE
	EndGlobalSection
	GlobalSection(ExtensibilityGlobals) = postSolution
		SolutionGuid = {D2DC13C3-3BA1-4BC2-B671-89B56F23C260}
	EndGlobalSection
EndGlobal
